{
  "name": "kits-pesas-barras-discos-mancuernas-fit",
  "lockfileVersion": 2,
  "requires": true,
  "packages": {
    "": {
      "dependencies": {
        "animate.css": "^4.1.1",
        "zoomjs": "^3.3.23",
        "zoomooz": "^1.0.0"
      }
    },
    "node_modules/animate.css": {
      "version": "4.1.1",
      "resolved": "https://registry.npmjs.org/animate.css/-/animate.css-4.1.1.tgz",
      "integrity": "sha512-+mRmCTv6SbCmtYJCN4faJMNFVNN5EuCTTprDTAo7YzIGji2KADmakjVA3+8mVDkZ2Bf09vayB35lSQIex2+QaQ=="
    },
    "node_modules/fantasy-land": {
      "version": "4.1.0",
      "resolved": "https://registry.npmjs.org/fantasy-land/-/fantasy-land-4.1.0.tgz",
      "integrity": "sha512-bmukPWTlviPDc2qpoLDJ6sBKCngRdYBNXG1ZuKcf0yoLpx3ENe9sD58/GKu8RAf9+RKeGAJNyBjiCuRMnW2PIA=="
    },
    "node_modules/zoomjs": {
      "version": "3.3.23",
      "resolved": "https://registry.npmjs.org/zoomjs/-/zoomjs-3.3.23.tgz",
      "integrity": "sha512-VELUJoRTo4+2ekxTkJ4GJN7gQ+zwCPw1uHiOyX4kkQtBhsIj2wA9+zSZnK2iSje9MZMKD+eIfo+QRfsx7C3J+w==",
      "dependencies": {
        "fantasy-land": "^4.0.1"
      }
    },
    "node_modules/zoomooz": {
      "version": "1.0.0",
      "resolved": "https://registry.npmjs.org/zoomooz/-/zoomooz-1.0.0.tgz",
      "integrity": "sha512-HF2JJoNPFANg8Bn8yy4OPDveTTzwBlo+268X3zR9Rekeyg2RfeTLjGdlLtlBgwTaHX8MTeZ5eG3rPCV3w/q7HA=="
    }
  },
  "dependencies": {
    "animate.css": {
      "version": "4.1.1",
      "resolved": "https://registry.npmjs.org/animate.css/-/animate.css-4.1.1.tgz",
      "integrity": "sha512-+mRmCTv6SbCmtYJCN4faJMNFVNN5EuCTTprDTAo7YzIGji2KADmakjVA3+8mVDkZ2Bf09vayB35lSQIex2+QaQ=="
    },
    "fantasy-land": {
      "version": "4.1.0",
      "resolved": "https://registry.npmjs.org/fantasy-land/-/fantasy-land-4.1.0.tgz",
      "integrity": "sha512-bmukPWTlviPDc2qpoLDJ6sBKCngRdYBNXG1ZuKcf0yoLpx3ENe9sD58/GKu8RAf9+RKeGAJNyBjiCuRMnW2PIA=="
    },
    "zoomjs": {
      "version": "3.3.23",
      "resolved": "https://registry.npmjs.org/zoomjs/-/zoomjs-3.3.23.tgz",
      "integrity": "sha512-VELUJoRTo4+2ekxTkJ4GJN7gQ+zwCPw1uHiOyX4kkQtBhsIj2wA9+zSZnK2iSje9MZMKD+eIfo+QRfsx7C3J+w==",
      "requires": {
        "fantasy-land": "^4.0.1"
      }
    },
    "zoomooz": {
      "version": "1.0.0",
      "resolved": "https://registry.npmjs.org/zoomooz/-/zoomooz-1.0.0.tgz",
      "integrity": "sha512-HF2JJoNPFANg8Bn8yy4OPDveTTzwBlo+268X3zR9Rekeyg2RfeTLjGdlLtlBgwTaHX8MTeZ5eG3rPCV3w/q7HA=="
    }
  }
}
